
Microsoft Visual Studio Solution File, Format Version 12.00
# Visual Studio Version 17
VisualStudioVersion = 17.9.34701.34
MinimumVisualStudioVersion = 10.0.40219.1
Project("{9A19103F-16F7-4668-BE54-9A1E7A4F7556}") = "Identity.API", "Identity.API\Identity.API.csproj", "{102CBC61-469C-435F-9186-0EDDE4B3AC42}"
EndProject
Project("{9A19103F-16F7-4668-BE54-9A1E7A4F7556}") = "Identity.Application", "Identity.Application\Identity.Application.csproj", "{E55723BE-D65F-4412-9BF0-D27758A3BBAF}"
EndProject
Project("{9A19103F-16F7-4668-BE54-9A1E7A4F7556}") = "Identity.Infrastructure", "Identity.Infrastructure\Identity.Infrastructure.csproj", "{3A54F218-DB21-497A-884C-80C840A52314}"
EndProject
Project("{9A19103F-16F7-4668-BE54-9A1E7A4F7556}") = "Identity.Domain", "Identity.Domain\Identity.Domain.csproj", "{A83CC48C-C861-436B-830E-28BBE9433F44}"
EndProject
Project("{FAE04EC0-301F-11D3-BF4B-00C04F79EFBC}") = "Identity.Contract", "Identity.Contract\Identity.Contract.csproj", "{1437E0A0-F471-41F3-89BE-703FEBCE4F2A}"
EndProject
Global
	GlobalSection(SolutionConfigurationPlatforms) = preSolution
		Debug|Any CPU = Debug|Any CPU
		Release|Any CPU = Release|Any CPU
	EndGlobalSection
	GlobalSection(ProjectConfigurationPlatforms) = postSolution
		{102CBC61-469C-435F-9186-0EDDE4B3AC42}.Debug|Any CPU.ActiveCfg = Debug|Any CPU
		{102CBC61-469C-435F-9186-0EDDE4B3AC42}.Debug|Any CPU.Build.0 = Debug|Any CPU
		{102CBC61-469C-435F-9186-0EDDE4B3AC42}.Release|Any CPU.ActiveCfg = Release|Any CPU
		{102CBC61-469C-435F-9186-0EDDE4B3AC42}.Release|Any CPU.Build.0 = Release|Any CPU
		{E55723BE-D65F-4412-9BF0-D27758A3BBAF}.Debug|Any CPU.ActiveCfg = Debug|Any CPU
		{E55723BE-D65F-4412-9BF0-D27758A3BBAF}.Debug|Any CPU.Build.0 = Debug|Any CPU
		{E55723BE-D65F-4412-9BF0-D27758A3BBAF}.Release|Any CPU.ActiveCfg = Release|Any CPU
		{E55723BE-D65F-4412-9BF0-D27758A3BBAF}.Release|Any CPU.Build.0 = Release|Any CPU
		{3A54F218-DB21-497A-884C-80C840A52314}.Debug|Any CPU.ActiveCfg = Debug|Any CPU
		{3A54F218-DB21-497A-884C-80C840A52314}.Debug|Any CPU.Build.0 = Debug|Any CPU
		{3A54F218-DB21-497A-884C-80C840A52314}.Release|Any CPU.ActiveCfg = Release|Any CPU
		{3A54F218-DB21-497A-884C-80C840A52314}.Release|Any CPU.Build.0 = Release|Any CPU
		{A83CC48C-C861-436B-830E-28BBE9433F44}.Debug|Any CPU.ActiveCfg = Debug|Any CPU
		{A83CC48C-C861-436B-830E-28BBE9433F44}.Debug|Any CPU.Build.0 = Debug|Any CPU
		{A83CC48C-C861-436B-830E-28BBE9433F44}.Release|Any CPU.ActiveCfg = Release|Any CPU
		{A83CC48C-C861-436B-830E-28BBE9433F44}.Release|Any CPU.Build.0 = Release|Any CPU
		{1437E0A0-F471-41F3-89BE-703FEBCE4F2A}.Debug|Any CPU.ActiveCfg = Debug|Any CPU
		{1437E0A0-F471-41F3-89BE-703FEBCE4F2A}.Debug|Any CPU.Build.0 = Debug|Any CPU
		{1437E0A0-F471-41F3-89BE-703FEBCE4F2A}.Release|Any CPU.ActiveCfg = Release|Any CPU
		{1437E0A0-F471-41F3-89BE-703FEBCE4F2A}.Release|Any CPU.Build.0 = Release|Any CPU
	EndGlobalSection
	GlobalSection(SolutionProperties) = preSolution
		HideSolutionNode = FALSE
	EndGlobalSection
	GlobalSection(ExtensibilityGlobals) = postSolution
		SolutionGuid = {78A9F18D-C976-4A6A-AF55-20250FDD7931}
	EndGlobalSection
EndGlobal
